
Microsoft Visual Studio Solution File, Format Version 12.00
# Visual Studio Version 17
VisualStudioVersion = 17.4.33213.308
MinimumVisualStudioVersion = 10.0.40219.1
Project("{2150E333-8FDC-42A3-9474-1A3956D46DE8}") = "1.Api", "1.Api", "{E5DA11EC-D731-4CDF-916C-856A16AC94A4}"
EndProject
Project("{2150E333-8FDC-42A3-9474-1A3956D46DE8}") = "2.Service", "2.Service", "{8380C3EC-3DAE-430A-A091-A7EED86F6B13}"
EndProject
Project("{2150E333-8FDC-42A3-9474-1A3956D46DE8}") = "3.Domain", "3.Domain", "{B3FBBB0D-F8A7-423C-8D78-B01088AD90CC}"
EndProject
Project("{2150E333-8FDC-42A3-9474-1A3956D46DE8}") = "4.Infra", "4.Infra", "{671089FA-EEFA-49E3-80FC-D6E9EE1D726B}"
EndProject
Project("{9A19103F-16F7-4668-BE54-9A1E7A4F7556}") = "Banco.Api", "1.Api\Banco.Api.csproj", "{5EF6BC99-E956-4447-BDEE-8EAD7EAA17E1}"
EndProject
Project("{9A19103F-16F7-4668-BE54-9A1E7A4F7556}") = "Banco.Domain.Contract", "3.Domain\Banco.Backend.Domain.Contract\Banco.Domain.Contract.csproj", "{DE2C02A1-264F-4C6E-90C2-97CDC0635BA7}"
EndProject
Project("{2150E333-8FDC-42A3-9474-1A3956D46DE8}") = "4.1.Data", "4.1.Data", "{A8A38ED6-DAF5-4B42-B70F-0B8E33FD0192}"
EndProject
Project("{9A19103F-16F7-4668-BE54-9A1E7A4F7556}") = "Banco.Infra.Data", "4.Infra\4.1.Data\Banco.Infra.Data\Banco.Infra.Data.csproj", "{4D4FC514-86CC-4717-A91E-6BCCAB2E6DB9}"
EndProject
Project("{9A19103F-16F7-4668-BE54-9A1E7A4F7556}") = "Banco.Infra.Data.Contract", "4.Infra\Banco.Infra.Data.Contract\Banco.Infra.Data.Contract.csproj", "{00EB66C3-31BC-43D0-AFC0-606140BFB999}"
EndProject
Project("{2150E333-8FDC-42A3-9474-1A3956D46DE8}") = "4.2.CrossCutting", "4.2.CrossCutting", "{E1733DAC-5D29-4075-97C2-6402EE00A1CC}"
EndProject
Project("{9A19103F-16F7-4668-BE54-9A1E7A4F7556}") = "Banco.Infra.CrossCutting.IoC", "4.Infra\4.2.CrossCutting\Banco.Infra.CrossCutting.IoC\Banco.Infra.CrossCutting.IoC.csproj", "{DC14BF2B-8048-480E-B8AF-D9D768F17B0C}"
EndProject
Project("{9A19103F-16F7-4668-BE54-9A1E7A4F7556}") = "Banco.Domain", "3.Domain\Banco.Domain\Banco.Domain.csproj", "{01701755-D5DB-4A13-B346-018AC0E22AE2}"
EndProject
Project("{9A19103F-16F7-4668-BE54-9A1E7A4F7556}") = "Banco.Service.Contract", "2.Service\Banco.Service.Contract\Banco.Service.Contract.csproj", "{63E82E7A-9E2F-48BF-B7B6-1B2BEC5FD7E9}"
EndProject
Project("{9A19103F-16F7-4668-BE54-9A1E7A4F7556}") = "Banco.Service", "2.Service\Banco.Service\Banco.Service.csproj", "{6086AD97-DE73-4B9C-94FC-F89241BA4F2C}"
EndProject
Project("{2150E333-8FDC-42A3-9474-1A3956D46DE8}") = "5.Test", "5.Test", "{A10D89A1-5403-48D3-A5B3-052C0523E1C5}"
EndProject
Project("{9A19103F-16F7-4668-BE54-9A1E7A4F7556}") = "Banco.Test", "5.Test\Banco.Test\Banco.Test.csproj", "{97B3DAF7-7B2A-4BEC-B712-80D4F2F1BF5E}"
EndProject
Global
	GlobalSection(SolutionConfigurationPlatforms) = preSolution
		Debug|Any CPU = Debug|Any CPU
		Release|Any CPU = Release|Any CPU
	EndGlobalSection
	GlobalSection(ProjectConfigurationPlatforms) = postSolution
		{5EF6BC99-E956-4447-BDEE-8EAD7EAA17E1}.Debug|Any CPU.ActiveCfg = Debug|Any CPU
		{5EF6BC99-E956-4447-BDEE-8EAD7EAA17E1}.Debug|Any CPU.Build.0 = Debug|Any CPU
		{5EF6BC99-E956-4447-BDEE-8EAD7EAA17E1}.Release|Any CPU.ActiveCfg = Release|Any CPU
		{5EF6BC99-E956-4447-BDEE-8EAD7EAA17E1}.Release|Any CPU.Build.0 = Release|Any CPU
		{DE2C02A1-264F-4C6E-90C2-97CDC0635BA7}.Debug|Any CPU.ActiveCfg = Debug|Any CPU
		{DE2C02A1-264F-4C6E-90C2-97CDC0635BA7}.Debug|Any CPU.Build.0 = Debug|Any CPU
		{DE2C02A1-264F-4C6E-90C2-97CDC0635BA7}.Release|Any CPU.ActiveCfg = Release|Any CPU
		{DE2C02A1-264F-4C6E-90C2-97CDC0635BA7}.Release|Any CPU.Build.0 = Release|Any CPU
		{4D4FC514-86CC-4717-A91E-6BCCAB2E6DB9}.Debug|Any CPU.ActiveCfg = Debug|Any CPU
		{4D4FC514-86CC-4717-A91E-6BCCAB2E6DB9}.Debug|Any CPU.Build.0 = Debug|Any CPU
		{4D4FC514-86CC-4717-A91E-6BCCAB2E6DB9}.Release|Any CPU.ActiveCfg = Release|Any CPU
		{4D4FC514-86CC-4717-A91E-6BCCAB2E6DB9}.Release|Any CPU.Build.0 = Release|Any CPU
		{00EB66C3-31BC-43D0-AFC0-606140BFB999}.Debug|Any CPU.ActiveCfg = Debug|Any CPU
		{00EB66C3-31BC-43D0-AFC0-606140BFB999}.Debug|Any CPU.Build.0 = Debug|Any CPU
		{00EB66C3-31BC-43D0-AFC0-606140BFB999}.Release|Any CPU.ActiveCfg = Release|Any CPU
		{00EB66C3-31BC-43D0-AFC0-606140BFB999}.Release|Any CPU.Build.0 = Release|Any CPU
		{DC14BF2B-8048-480E-B8AF-D9D768F17B0C}.Debug|Any CPU.ActiveCfg = Debug|Any CPU
		{DC14BF2B-8048-480E-B8AF-D9D768F17B0C}.Debug|Any CPU.Build.0 = Debug|Any CPU
		{DC14BF2B-8048-480E-B8AF-D9D768F17B0C}.Release|Any CPU.ActiveCfg = Release|Any CPU
		{DC14BF2B-8048-480E-B8AF-D9D768F17B0C}.Release|Any CPU.Build.0 = Release|Any CPU
		{01701755-D5DB-4A13-B346-018AC0E22AE2}.Debug|Any CPU.ActiveCfg = Debug|Any CPU
		{01701755-D5DB-4A13-B346-018AC0E22AE2}.Debug|Any CPU.Build.0 = Debug|Any CPU
		{01701755-D5DB-4A13-B346-018AC0E22AE2}.Release|Any CPU.ActiveCfg = Release|Any CPU
		{01701755-D5DB-4A13-B346-018AC0E22AE2}.Release|Any CPU.Build.0 = Release|Any CPU
		{63E82E7A-9E2F-48BF-B7B6-1B2BEC5FD7E9}.Debug|Any CPU.ActiveCfg = Debug|Any CPU
		{63E82E7A-9E2F-48BF-B7B6-1B2BEC5FD7E9}.Debug|Any CPU.Build.0 = Debug|Any CPU
		{63E82E7A-9E2F-48BF-B7B6-1B2BEC5FD7E9}.Release|Any CPU.ActiveCfg = Release|Any CPU
		{63E82E7A-9E2F-48BF-B7B6-1B2BEC5FD7E9}.Release|Any CPU.Build.0 = Release|Any CPU
		{6086AD97-DE73-4B9C-94FC-F89241BA4F2C}.Debug|Any CPU.ActiveCfg = Debug|Any CPU
		{6086AD97-DE73-4B9C-94FC-F89241BA4F2C}.Debug|Any CPU.Build.0 = Debug|Any CPU
		{6086AD97-DE73-4B9C-94FC-F89241BA4F2C}.Release|Any CPU.ActiveCfg = Release|Any CPU
		{6086AD97-DE73-4B9C-94FC-F89241BA4F2C}.Release|Any CPU.Build.0 = Release|Any CPU
		{97B3DAF7-7B2A-4BEC-B712-80D4F2F1BF5E}.Debug|Any CPU.ActiveCfg = Debug|Any CPU
		{97B3DAF7-7B2A-4BEC-B712-80D4F2F1BF5E}.Debug|Any CPU.Build.0 = Debug|Any CPU
		{97B3DAF7-7B2A-4BEC-B712-80D4F2F1BF5E}.Release|Any CPU.ActiveCfg = Release|Any CPU
		{97B3DAF7-7B2A-4BEC-B712-80D4F2F1BF5E}.Release|Any CPU.Build.0 = Release|Any CPU
	EndGlobalSection
	GlobalSection(SolutionProperties) = preSolution
		HideSolutionNode = FALSE
	EndGlobalSection
	GlobalSection(NestedProjects) = preSolution
		{5EF6BC99-E956-4447-BDEE-8EAD7EAA17E1} = {E5DA11EC-D731-4CDF-916C-856A16AC94A4}
		{DE2C02A1-264F-4C6E-90C2-97CDC0635BA7} = {B3FBBB0D-F8A7-423C-8D78-B01088AD90CC}
		{A8A38ED6-DAF5-4B42-B70F-0B8E33FD0192} = {671089FA-EEFA-49E3-80FC-D6E9EE1D726B}
		{4D4FC514-86CC-4717-A91E-6BCCAB2E6DB9} = {A8A38ED6-DAF5-4B42-B70F-0B8E33FD0192}
		{00EB66C3-31BC-43D0-AFC0-606140BFB999} = {A8A38ED6-DAF5-4B42-B70F-0B8E33FD0192}
		{E1733DAC-5D29-4075-97C2-6402EE00A1CC} = {671089FA-EEFA-49E3-80FC-D6E9EE1D726B}
		{DC14BF2B-8048-480E-B8AF-D9D768F17B0C} = {E1733DAC-5D29-4075-97C2-6402EE00A1CC}
		{01701755-D5DB-4A13-B346-018AC0E22AE2} = {B3FBBB0D-F8A7-423C-8D78-B01088AD90CC}
		{63E82E7A-9E2F-48BF-B7B6-1B2BEC5FD7E9} = {8380C3EC-3DAE-430A-A091-A7EED86F6B13}
		{6086AD97-DE73-4B9C-94FC-F89241BA4F2C} = {8380C3EC-3DAE-430A-A091-A7EED86F6B13}
		{97B3DAF7-7B2A-4BEC-B712-80D4F2F1BF5E} = {A10D89A1-5403-48D3-A5B3-052C0523E1C5}
	EndGlobalSection
	GlobalSection(ExtensibilityGlobals) = postSolution
		SolutionGuid = {85F4A95A-B2D2-4AF0-B9B3-E34725FCCC6E}
	EndGlobalSection
EndGlobal
